
Microsoft Visual Studio Solution File, Format Version 12.00
# Visual Studio Version 16
VisualStudioVersion = 16.0.31702.278
MinimumVisualStudioVersion = 10.0.40219.1
Project("{FAE04EC0-301F-11D3-BF4B-00C04F79EFBC}") = "ProjetConsole", "ProjetConsole\ProjetConsole.csproj", "{22EB2ADC-B7F7-44E4-A1FC-A5DF0A7DA6BC}"
EndProject
Project("{FAE04EC0-301F-11D3-BF4B-00C04F79EFBC}") = "ProjetDLL", "ProjetDLL\ProjetDLL.csproj", "{6E7EBD9A-8CB3-4BBE-A7A9-84A36C64F5B6}"
EndProject
Project("{FAE04EC0-301F-11D3-BF4B-00C04F79EFBC}") = "TP_Calculatrice", "TP_Calculatrice\TP_Calculatrice.csproj", "{E0209CB8-1974-4FD4-960C-E25DCB5F86A9}"
EndProject
Global
	GlobalSection(SolutionConfigurationPlatforms) = preSolution
		Debug|Any CPU = Debug|Any CPU
		Release|Any CPU = Release|Any CPU
	EndGlobalSection
	GlobalSection(ProjectConfigurationPlatforms) = postSolution
		{22EB2ADC-B7F7-44E4-A1FC-A5DF0A7DA6BC}.Debug|Any CPU.ActiveCfg = Debug|Any CPU
		{22EB2ADC-B7F7-44E4-A1FC-A5DF0A7DA6BC}.Debug|Any CPU.Build.0 = Debug|Any CPU
		{22EB2ADC-B7F7-44E4-A1FC-A5DF0A7DA6BC}.Release|Any CPU.ActiveCfg = Release|Any CPU
		{22EB2ADC-B7F7-44E4-A1FC-A5DF0A7DA6BC}.Release|Any CPU.Build.0 = Release|Any CPU
		{6E7EBD9A-8CB3-4BBE-A7A9-84A36C64F5B6}.Debug|Any CPU.ActiveCfg = Debug|Any CPU
		{6E7EBD9A-8CB3-4BBE-A7A9-84A36C64F5B6}.Debug|Any CPU.Build.0 = Debug|Any CPU
		{6E7EBD9A-8CB3-4BBE-A7A9-84A36C64F5B6}.Release|Any CPU.ActiveCfg = Release|Any CPU
		{6E7EBD9A-8CB3-4BBE-A7A9-84A36C64F5B6}.Release|Any CPU.Build.0 = Release|Any CPU
		{E0209CB8-1974-4FD4-960C-E25DCB5F86A9}.Debug|Any CPU.ActiveCfg = Debug|Any CPU
		{E0209CB8-1974-4FD4-960C-E25DCB5F86A9}.Debug|Any CPU.Build.0 = Debug|Any CPU
		{E0209CB8-1974-4FD4-960C-E25DCB5F86A9}.Release|Any CPU.ActiveCfg = Release|Any CPU
		{E0209CB8-1974-4FD4-960C-E25DCB5F86A9}.Release|Any CPU.Build.0 = Release|Any CPU
	EndGlobalSection
	GlobalSection(SolutionProperties) = preSolution
		HideSolutionNode = FALSE
	EndGlobalSection
	GlobalSection(ExtensibilityGlobals) = postSolution
		SolutionGuid = {486251B3-29D4-46F9-9903-DF4DB5DF9316}
	EndGlobalSection
EndGlobal
